<?xml version="1.0" encoding="utf-8"?>
<Project ToolsVersion="4.0" xmlns="http://schemas.microsoft.com/developer/msbuild/2003">
  <ItemGroup>
    <ClCompile Include="Init.cpp">
      <Filter>Init</Filter>
    </ClCompile>
    <ClCompile Include="main.cpp">
      <Filter>MainPlanetSystem</Filter>
    </ClCompile>
    <ClCompile Include="Render.cpp">
      <Filter>Render</Filter>
    </ClCompile>
    <ClCompile Include="GLSLProgram.cpp">
      <Filter>Shader</Filter>
    </ClCompile>
  </ItemGroup>
  <ItemGroup>
    <ClInclude Include="Init.h">
      <Filter>Init</Filter>
    </ClInclude>
    <ClInclude Include="Header.h">
      <Filter>MainPlanetSystem</Filter>
    </ClInclude>
    <ClInclude Include="Render.h">
      <Filter>Render</Filter>
    </ClInclude>
    <ClInclude Include="GLSLProgram.h">
      <Filter>Shader</Filter>
    </ClInclude>
    <ClInclude Include="GLTools.h">
      <Filter>GLTools</Filter>
    </ClInclude>
    <ClInclude Include="stdafx.h">
      <Filter>Header</Filter>
    </ClInclude>
    <ClInclude Include="targetver.h">
      <Filter>Header</Filter>
    </ClInclude>
  </ItemGroup>
  <ItemGroup>
    <None Include="shader\simple.frag">
      <Filter>Shader</Filter>
    </None>
    <None Include="shader\simple.vert">
      <Filter>Shader</Filter>
    </None>
  </ItemGroup>
  <ItemGroup>
    <Filter Include="Init">
      <UniqueIdentifier>{2384cf9a-04e2-42af-a7f6-11813da4e267}</UniqueIdentifier>
    </Filter>
    <Filter Include="Render">
      <UniqueIdentifier>{e5f43762-8ad5-4055-8682-946ee3243c19}</UniqueIdentifier>
    </Filter>
    <Filter Include="Shader">
      <UniqueIdentifier>{8cbc2efb-fc04-42f9-9483-d3a59928a0cf}</UniqueIdentifier>
    </Filter>
    <Filter Include="GLTools">
      <UniqueIdentifier>{f8635bdb-fed4-443e-b26a-5b4015285b10}</UniqueIdentifier>
    </Filter>
    <Filter Include="MainPlanetSystem">
      <UniqueIdentifier>{64712583-509b-4128-a2be-2e9c1745f32c}</UniqueIdentifier>
    </Filter>
    <Filter Include="Header">
      <UniqueIdentifier>{6eea546a-8903-4e23-bc14-b0d39849f677}</UniqueIdentifier>
    </Filter>
  </ItemGroup>
</Project>